
Microsoft Visual Studio Solution File, Format Version 12.00
# Visual Studio Version 17
VisualStudioVersion = 17.13.35828.75 d17.13
MinimumVisualStudioVersion = 10.0.40219.1
Project("{FAE04EC0-301F-11D3-BF4B-00C04F79EFBC}") = "Sintaxis-6", "Sintaxis-6\Sintaxis-6.csproj", "{F5609498-F55C-44AD-9B67-E0910A7FBED6}"
EndProject
Global
	GlobalSection(SolutionConfigurationPlatforms) = preSolution
		Debug|Any CPU = Debug|Any CPU
		Release|Any CPU = Release|Any CPU
	EndGlobalSection
	GlobalSection(ProjectConfigurationPlatforms) = postSolution
		{F5609498-F55C-44AD-9B67-E0910A7FBED6}.Debug|Any CPU.ActiveCfg = Debug|Any CPU
		{F5609498-F55C-44AD-9B67-E0910A7FBED6}.Debug|Any CPU.Build.0 = Debug|Any CPU
		{F5609498-F55C-44AD-9B67-E0910A7FBED6}.Release|Any CPU.ActiveCfg = Release|Any CPU
		{F5609498-F55C-44AD-9B67-E0910A7FBED6}.Release|Any CPU.Build.0 = Release|Any CPU
	EndGlobalSection
	GlobalSection(SolutionProperties) = preSolution
		HideSolutionNode = FALSE
	EndGlobalSection
	GlobalSection(ExtensibilityGlobals) = postSolution
		SolutionGuid = {0880E9E8-F7BC-4DC6-A35B-5040C7DA38BA}
	EndGlobalSection
EndGlobal
