
Microsoft Visual Studio Solution File, Format Version 12.00
# Visual Studio Version 17
VisualStudioVersion = 17.13.35828.75 d17.13
MinimumVisualStudioVersion = 10.0.40219.1
Project("{FAE04EC0-301F-11D3-BF4B-00C04F79EFBC}") = "Linq", "Linq\Linq.csproj", "{FB3BAD27-7B42-402C-81E1-96EC9FC59DAB}"
EndProject
Global
	GlobalSection(SolutionConfigurationPlatforms) = preSolution
		Debug|Any CPU = Debug|Any CPU
		Release|Any CPU = Release|Any CPU
	EndGlobalSection
	GlobalSection(ProjectConfigurationPlatforms) = postSolution
		{FB3BAD27-7B42-402C-81E1-96EC9FC59DAB}.Debug|Any CPU.ActiveCfg = Debug|Any CPU
		{FB3BAD27-7B42-402C-81E1-96EC9FC59DAB}.Debug|Any CPU.Build.0 = Debug|Any CPU
		{FB3BAD27-7B42-402C-81E1-96EC9FC59DAB}.Release|Any CPU.ActiveCfg = Release|Any CPU
		{FB3BAD27-7B42-402C-81E1-96EC9FC59DAB}.Release|Any CPU.Build.0 = Release|Any CPU
	EndGlobalSection
	GlobalSection(SolutionProperties) = preSolution
		HideSolutionNode = FALSE
	EndGlobalSection
	GlobalSection(ExtensibilityGlobals) = postSolution
		SolutionGuid = {BE4F9DB4-0787-4830-9D32-16916530C125}
	EndGlobalSection
EndGlobal
